// !$*UTF8*$!
{
	archiveVersion = 1;
	classes = {
	};
	objectVersion = 46;
	objects = {

/* Begin PBXBuildFile section */
		B7786FF91A9E6E490031C774 /* Icon-Small-40@2x.png in Resources */ = {isa = PBXBuildFile; fileRef = B7786FF71A9E6E490031C774 /* Icon-Small-40@2x.png */; };
		B7786FFA1A9E6E490031C774 /* Icon-Small-40@3x.png in Resources */ = {isa = PBXBuildFile; fileRef = B7786FF81A9E6E490031C774 /* Icon-Small-40@3x.png */; };
		B7786FFD1A9E6E590031C774 /* Icon-60@2x.png in Resources */ = {isa = PBXBuildFile; fileRef = B7786FFB1A9E6E590031C774 /* Icon-60@2x.png */; };
		B7786FFE1A9E6E590031C774 /* Icon-60@3x.png in Resources */ = {isa = PBXBuildFile; fileRef = B7786FFC1A9E6E590031C774 /* Icon-60@3x.png */; };
		B77870001A9E6E700031C774 /* Icon-Small.png in Resources */ = {isa = PBXBuildFile; fileRef = B7786FFF1A9E6E700031C774 /* Icon-Small.png */; };
		B77870021A9E6E830031C774 /* Icon-Small-40.png in Resources */ = {isa = PBXBuildFile; fileRef = B77870011A9E6E830031C774 /* Icon-Small-40.png */; };
		B77870051A9E6E900031C774 /* Icon-76.png in Resources */ = {isa = PBXBuildFile; fileRef = B77870031A9E6E900031C774 /* Icon-76.png */; };
		B77870061A9E6E900031C774 /* Icon-76@2x.png in Resources */ = {isa = PBXBuildFile; fileRef = B77870041A9E6E900031C774 /* Icon-76@2x.png */; };
		B77870091A9E78DF0031C774 /* Icon-Small@2x.png in Resources */ = {isa = PBXBuildFile; fileRef = B77870071A9E78DF0031C774 /* Icon-Small@2x.png */; };
		B778700A1A9E78DF0031C774 /* Icon-Small@3x.png in Resources */ = {isa = PBXBuildFile; fileRef = B77870081A9E78DF0031C774 /* Icon-Small@3x.png */; };
		B7EFEEBB1A961F3D00D93FC0 /* main.m in Sources */ = {isa = PBXBuildFile; fileRef = B7EFEEBA1A961F3D00D93FC0 /* main.m */; };
		B7EFEEBE1A961F3D00D93FC0 /* AppDelegate.m in Sources */ = {isa = PBXBuildFile; fileRef = B7EFEEBD1A961F3D00D93FC0 /* AppDelegate.m */; };
		B7EFEEC11A961F3D00D93FC0 /* ViewController.m in Sources */ = {isa = PBXBuildFile; fileRef = B7EFEEC01A961F3D00D93FC0 /* ViewController.m */; };
		B7EFEEC41A961F3D00D93FC0 /* Main.storyboard in Resources */ = {isa = PBXBuildFile; fileRef = B7EFEEC21A961F3D00D93FC0 /* Main.storyboard */; };
		B7EFEEC61A961F3D00D93FC0 /* Images.xcassets in Resources */ = {isa = PBXBuildFile; fileRef = B7EFEEC51A961F3D00D93FC0 /* Images.xcassets */; };
		B7EFEEC91A961F3D00D93FC0 /* LaunchScreen.xib in Resources */ = {isa = PBXBuildFile; fileRef = B7EFEEC71A961F3D00D93FC0 /* LaunchScreen.xib */; };
		B7EFEED51A961F3D00D93FC0 /* WoFiOSTests.m in Sources */ = {isa = PBXBuildFile; fileRef = B7EFEED41A961F3D00D93FC0 /* WoFiOSTests.m */; };
		B7EFEEDF1A961F4700D93FC0 /* AVFoundation.framework in Frameworks */ = {isa = PBXBuildFile; fileRef = B7EFEEDE1A961F4700D93FC0 /* AVFoundation.framework */; };
		B7EFEEE61A96202100D93FC0 /* wof_applause.mp3 in Resources */ = {isa = PBXBuildFile; fileRef = B7EFEEE01A96202100D93FC0 /* wof_applause.mp3 */; };
		B7EFEEE71A96202100D93FC0 /* wof_buzz.mp3 in Resources */ = {isa = PBXBuildFile; fileRef = B7EFEEE11A96202100D93FC0 /* wof_buzz.mp3 */; };
		B7EFEEE81A96202100D93FC0 /* wof_ding.mp3 in Resources */ = {isa = PBXBuildFile; fileRef = B7EFEEE21A96202100D93FC0 /* wof_ding.mp3 */; };
		B7EFEEE91A96202100D93FC0 /* wof_double_buzz.mp3 in Resources */ = {isa = PBXBuildFile; fileRef = B7EFEEE31A96202100D93FC0 /* wof_double_buzz.mp3 */; };
		B7EFEEEA1A96202100D93FC0 /* wof_final_spin.mp3 in Resources */ = {isa = PBXBuildFile; fileRef = B7EFEEE41A96202100D93FC0 /* wof_final_spin.mp3 */; };
		B7EFEEEB1A96202100D93FC0 /* wof_theme.mp3 in Resources */ = {isa = PBXBuildFile; fileRef = B7EFEEE51A96202100D93FC0 /* wof_theme.mp3 */; };
/* End PBXBuildFile section */

/* Begin PBXContainerItemProxy section */
		B7EFEECF1A961F3D00D93FC0 /* PBXContainerItemProxy */ = {
			isa = PBXContainerItemProxy;
			containerPortal = B7EFEEAD1A961F3D00D93FC0 /* Project object */;
			proxyType = 1;
			remoteGlobalIDString = B7EFEEB41A961F3D00D93FC0;
			remoteInfo = WoFiOS;
		};
/* End PBXContainerItemProxy section */

/* Begin PBXFileReference section */
		B7786FF71A9E6E490031C774 /* Icon-Small-40@2x.png */ = {isa = PBXFileReference; lastKnownFileType = image.png; name = "Icon-Small-40@2x.png"; path = "AppIcon/Icon-Small-40@2x.png"; sourceTree = "<group>"; };
		B7786FF81A9E6E490031C774 /* Icon-Small-40@3x.png */ = {isa = PBXFileReference; lastKnownFileType = image.png; name = "Icon-Small-40@3x.png"; path = "AppIcon/Icon-Small-40@3x.png"; sourceTree = "<group>"; };
		B7786FFB1A9E6E590031C774 /* Icon-60@2x.png */ = {isa = PBXFileReference; lastKnownFileType = image.png; name = "Icon-60@2x.png"; path = "AppIcon/Icon-60@2x.png"; sourceTree = "<group>"; };
		B7786FFC1A9E6E590031C774 /* Icon-60@3x.png */ = {isa = PBXFileReference; lastKnownFileType = image.png; name = "Icon-60@3x.png"; path = "AppIcon/Icon-60@3x.png"; sourceTree = "<group>"; };
		B7786FFF1A9E6E700031C774 /* Icon-Small.png */ = {isa = PBXFileReference; lastKnownFileType = image.png; name = "Icon-Small.png"; path = "AppIcon/Icon-Small.png"; sourceTree = "<group>"; };
		B77870011A9E6E830031C774 /* Icon-Small-40.png */ = {isa = PBXFileReference; lastKnownFileType = image.png; name = "Icon-Small-40.png"; path = "AppIcon/Icon-Small-40.png"; sourceTree = "<group>"; };
		B77870031A9E6E900031C774 /* Icon-76.png */ = {isa = PBXFileReference; lastKnownFileType = image.png; name = "Icon-76.png"; path = "AppIcon/Icon-76.png"; sourceTree = "<group>"; };
		B77870041A9E6E900031C774 /* Icon-76@2x.png */ = {isa = PBXFileReference; lastKnownFileType = image.png; name = "Icon-76@2x.png"; path = "AppIcon/Icon-76@2x.png"; sourceTree = "<group>"; };
		B77870071A9E78DF0031C774 /* Icon-Small@2x.png */ = {isa = PBXFileReference; lastKnownFileType = image.png; name = "Icon-Small@2x.png"; path = "AppIcon/Icon-Small@2x.png"; sourceTree = "<group>"; };
		B77870081A9E78DF0031C774 /* Icon-Small@3x.png */ = {isa = PBXFileReference; lastKnownFileType = image.png; name = "Icon-Small@3x.png"; path = "AppIcon/Icon-Small@3x.png"; sourceTree = "<group>"; };
		B7EFEEB51A961F3D00D93FC0 /* WoFiOS.app */ = {isa = PBXFileReference; explicitFileType = wrapper.application; includeInIndex = 0; path = WoFiOS.app; sourceTree = BUILT_PRODUCTS_DIR; };
		B7EFEEB91A961F3D00D93FC0 /* Info.plist */ = {isa = PBXFileReference; lastKnownFileType = text.plist.xml; path = Info.plist; sourceTree = "<group>"; };
		B7EFEEBA1A961F3D00D93FC0 /* main.m */ = {isa = PBXFileReference; lastKnownFileType = sourcecode.c.objc; path = main.m; sourceTree = "<group>"; };
		B7EFEEBC1A961F3D00D93FC0 /* AppDelegate.h */ = {isa = PBXFileReference; lastKnownFileType = sourcecode.c.h; path = AppDelegate.h; sourceTree = "<group>"; };
		B7EFEEBD1A961F3D00D93FC0 /* AppDelegate.m */ = {isa = PBXFileReference; lastKnownFileType = sourcecode.c.objc; path = AppDelegate.m; sourceTree = "<group>"; };
		B7EFEEBF1A961F3D00D93FC0 /* ViewController.h */ = {isa = PBXFileReference; lastKnownFileType = sourcecode.c.h; path = ViewController.h; sourceTree = "<group>"; };
		B7EFEEC01A961F3D00D93FC0 /* ViewController.m */ = {isa = PBXFileReference; lastKnownFileType = sourcecode.c.objc; path = ViewController.m; sourceTree = "<group>"; };
		B7EFEEC31A961F3D00D93FC0 /* Base */ = {isa = PBXFileReference; lastKnownFileType = file.storyboard; name = Base; path = Base.lproj/Main.storyboard; sourceTree = "<group>"; };
		B7EFEEC51A961F3D00D93FC0 /* Images.xcassets */ = {isa = PBXFileReference; lastKnownFileType = folder.assetcatalog; path = Images.xcassets; sourceTree = "<group>"; };
		B7EFEEC81A961F3D00D93FC0 /* Base */ = {isa = PBXFileReference; lastKnownFileType = file.xib; name = Base; path = Base.lproj/LaunchScreen.xib; sourceTree = "<group>"; };
		B7EFEECE1A961F3D00D93FC0 /* WoFiOSTests.xctest */ = {isa = PBXFileReference; explicitFileType = wrapper.cfbundle; includeInIndex = 0; path = WoFiOSTests.xctest; sourceTree = BUILT_PRODUCTS_DIR; };
		B7EFEED31A961F3D00D93FC0 /* Info.plist */ = {isa = PBXFileReference; lastKnownFileType = text.plist.xml; path = Info.plist; sourceTree = "<group>"; };
		B7EFEED41A961F3D00D93FC0 /* WoFiOSTests.m */ = {isa = PBXFileReference; lastKnownFileType = sourcecode.c.objc; path = WoFiOSTests.m; sourceTree = "<group>"; };
		B7EFEEDE1A961F4700D93FC0 /* AVFoundation.framework */ = {isa = PBXFileReference; lastKnownFileType = wrapper.framework; name = AVFoundation.framework; path = System/Library/Frameworks/AVFoundation.framework; sourceTree = SDKROOT; };
		B7EFEEE01A96202100D93FC0 /* wof_applause.mp3 */ = {isa = PBXFileReference; lastKnownFileType = audio.mp3; name = wof_applause.mp3; path = Sounds/wof_applause.mp3; sourceTree = "<group>"; };
		B7EFEEE11A96202100D93FC0 /* wof_buzz.mp3 */ = {isa = PBXFileReference; lastKnownFileType = audio.mp3; name = wof_buzz.mp3; path = Sounds/wof_buzz.mp3; sourceTree = "<group>"; };
		B7EFEEE21A96202100D93FC0 /* wof_ding.mp3 */ = {isa = PBXFileReference; lastKnownFileType = audio.mp3; name = wof_ding.mp3; path = Sounds/wof_ding.mp3; sourceTree = "<group>"; };
		B7EFEEE31A96202100D93FC0 /* wof_double_buzz.mp3 */ = {isa = PBXFileReference; lastKnownFileType = audio.mp3; name = wof_double_buzz.mp3; path = Sounds/wof_double_buzz.mp3; sourceTree = "<group>"; };
		B7EFEEE41A96202100D93FC0 /* wof_final_spin.mp3 */ = {isa = PBXFileReference; lastKnownFileType = audio.mp3; name = wof_final_spin.mp3; path = Sounds/wof_final_spin.mp3; sourceTree = "<group>"; };
		B7EFEEE51A96202100D93FC0 /* wof_theme.mp3 */ = {isa = PBXFileReference; lastKnownFileType = audio.mp3; name = wof_theme.mp3; path = Sounds/wof_theme.mp3; sourceTree = "<group>"; };
/* End PBXFileReference section */

/* Begin PBXFrameworksBuildPhase section */
		B7EFEEB21A961F3D00D93FC0 /* Frameworks */ = {
			isa = PBXFrameworksBuildPhase;
			buildActionMask = 2147483647;
			files = (
				B7EFEEDF1A961F4700D93FC0 /* AVFoundation.framework in Frameworks */,
			);
			runOnlyForDeploymentPostprocessing = 0;
		};
		B7EFEECB1A961F3D00D93FC0 /* Frameworks */ = {
			isa = PBXFrameworksBuildPhase;
			buildActionMask = 2147483647;
			files = (
			);
			runOnlyForDeploymentPostprocessing = 0;
		};
/* End PBXFrameworksBuildPhase section */

/* Begin PBXGroup section */
		B7EFEEAC1A961F3D00D93FC0 = {
			isa = PBXGroup;
			children = (
				B7EFEEDE1A961F4700D93FC0 /* AVFoundation.framework */,
				B7EFEEB71A961F3D00D93FC0 /* WoFiOS */,
				B7EFEED11A961F3D00D93FC0 /* WoFiOSTests */,
				B7EFEEB61A961F3D00D93FC0 /* Products */,
			);
			sourceTree = "<group>";
		};
		B7EFEEB61A961F3D00D93FC0 /* Products */ = {
			isa = PBXGroup;
			children = (
				B7EFEEB51A961F3D00D93FC0 /* WoFiOS.app */,
				B7EFEECE1A961F3D00D93FC0 /* WoFiOSTests.xctest */,
			);
			name = Products;
			sourceTree = "<group>";
		};
		B7EFEEB71A961F3D00D93FC0 /* WoFiOS */ = {
			isa = PBXGroup;
			children = (
				B7EFEEBC1A961F3D00D93FC0 /* AppDelegate.h */,
				B7EFEEBD1A961F3D00D93FC0 /* AppDelegate.m */,
				B7EFEEBF1A961F3D00D93FC0 /* ViewController.h */,
				B7EFEEC01A961F3D00D93FC0 /* ViewController.m */,
				B7EFEEC21A961F3D00D93FC0 /* Main.storyboard */,
				B7EFEEC51A961F3D00D93FC0 /* Images.xcassets */,
				B7EFEEC71A961F3D00D93FC0 /* LaunchScreen.xib */,
				B7EFEEE01A96202100D93FC0 /* wof_applause.mp3 */,
				B7EFEEE11A96202100D93FC0 /* wof_buzz.mp3 */,
				B7EFEEE21A96202100D93FC0 /* wof_ding.mp3 */,
				B7EFEEE31A96202100D93FC0 /* wof_double_buzz.mp3 */,
				B7EFEEE41A96202100D93FC0 /* wof_final_spin.mp3 */,
				B7EFEEE51A96202100D93FC0 /* wof_theme.mp3 */,
				B7786FFF1A9E6E700031C774 /* Icon-Small.png */,
				B77870071A9E78DF0031C774 /* Icon-Small@2x.png */,
				B77870081A9E78DF0031C774 /* Icon-Small@3x.png */,
				B77870011A9E6E830031C774 /* Icon-Small-40.png */,
				B7786FF71A9E6E490031C774 /* Icon-Small-40@2x.png */,
				B7786FF81A9E6E490031C774 /* Icon-Small-40@3x.png */,
				B7786FFB1A9E6E590031C774 /* Icon-60@2x.png */,
				B7786FFC1A9E6E590031C774 /* Icon-60@3x.png */,
				B77870031A9E6E900031C774 /* Icon-76.png */,
				B77870041A9E6E900031C774 /* Icon-76@2x.png */,
				B7EFEEB81A961F3D00D93FC0 /* Supporting Files */,
			);
			path = WoFiOS;
			sourceTree = "<group>";
		};
		B7EFEEB81A961F3D00D93FC0 /* Supporting Files */ = {
			isa = PBXGroup;
			children = (
				B7EFEEB91A961F3D00D93FC0 /* Info.plist */,
				B7EFEEBA1A961F3D00D93FC0 /* main.m */,
			);
			name = "Supporting Files";
			sourceTree = "<group>";
		};
		B7EFEED11A961F3D00D93FC0 /* WoFiOSTests */ = {
			isa = PBXGroup;
			children = (
				B7EFEED41A961F3D00D93FC0 /* WoFiOSTests.m */,
				B7EFEED21A961F3D00D93FC0 /* Supporting Files */,
			);
			path = WoFiOSTests;
			sourceTree = "<group>";
		};
		B7EFEED21A961F3D00D93FC0 /* Supporting Files */ = {
			isa = PBXGroup;
			children = (
				B7EFEED31A961F3D00D93FC0 /* Info.plist */,
			);
			name = "Supporting Files";
			sourceTree = "<group>";
		};
/* End PBXGroup section */

/* Begin PBXNativeTarget section */
		B7EFEEB41A961F3D00D93FC0 /* WoFiOS */ = {
			isa = PBXNativeTarget;
			buildConfigurationList = B7EFEED81A961F3D00D93FC0 /* Build configuration list for PBXNativeTarget "WoFiOS" */;
			buildPhases = (
				B7EFEEB11A961F3D00D93FC0 /* Sources */,
				B7EFEEB21A961F3D00D93FC0 /* Frameworks */,
				B7EFEEB31A961F3D00D93FC0 /* Resources */,
			);
			buildRules = (
			);
			dependencies = (
			);
			name = WoFiOS;
			productName = WoFiOS;
			productReference = B7EFEEB51A961F3D00D93FC0 /* WoFiOS.app */;
			productType = "com.apple.product-type.application";
		};
		B7EFEECD1A961F3D00D93FC0 /* WoFiOSTests */ = {
			isa = PBXNativeTarget;
			buildConfigurationList = B7EFEEDB1A961F3D00D93FC0 /* Build configuration list for PBXNativeTarget "WoFiOSTests" */;
			buildPhases = (
				B7EFEECA1A961F3D00D93FC0 /* Sources */,
				B7EFEECB1A961F3D00D93FC0 /* Frameworks */,
				B7EFEECC1A961F3D00D93FC0 /* Resources */,
			);
			buildRules = (
			);
			dependencies = (
				B7EFEED01A961F3D00D93FC0 /* PBXTargetDependency */,
			);
			name = WoFiOSTests;
			productName = WoFiOSTests;
			productReference = B7EFEECE1A961F3D00D93FC0 /* WoFiOSTests.xctest */;
			productType = "com.apple.product-type.bundle.unit-test";
		};
/* End PBXNativeTarget section */

/* Begin PBXProject section */
		B7EFEEAD1A961F3D00D93FC0 /* Project object */ = {
			isa = PBXProject;
			attributes = {
				LastUpgradeCheck = 0610;
				ORGANIZATIONNAME = Tim.Milne;
				TargetAttributes = {
					B7EFEEB41A961F3D00D93FC0 = {
						CreatedOnToolsVersion = 6.1.1;
						DevelopmentTeam = 56H62Y5EBN;
					};
					B7EFEECD1A961F3D00D93FC0 = {
						CreatedOnToolsVersion = 6.1.1;
						TestTargetID = B7EFEEB41A961F3D00D93FC0;
					};
				};
			};
			buildConfigurationList = B7EFEEB01A961F3D00D93FC0 /* Build configuration list for PBXProject "WoFiOS" */;
			compatibilityVersion = "Xcode 3.2";
			developmentRegion = English;
			hasScannedForEncodings = 0;
			knownRegions = (
				en,
				Base,
			);
			mainGroup = B7EFEEAC1A961F3D00D93FC0;
			productRefGroup = B7EFEEB61A961F3D00D93FC0 /* Products */;
			projectDirPath = "";
			projectRoot = "";
			targets = (
				B7EFEEB41A961F3D00D93FC0 /* WoFiOS */,
				B7EFEECD1A961F3D00D93FC0 /* WoFiOSTests */,
			);
		};
/* End PBXProject section */

/* Begin PBXResourcesBuildPhase section */
		B7EFEEB31A961F3D00D93FC0 /* Resources */ = {
			isa = PBXResourcesBuildPhase;
			buildActionMask = 2147483647;
			files = (
				B77870001A9E6E700031C774 /* Icon-Small.png in Resources */,
				B77870061A9E6E900031C774 /* Icon-76@2x.png in Resources */,
				B7786FF91A9E6E490031C774 /* Icon-Small-40@2x.png in Resources */,
				B7EFEEE61A96202100D93FC0 /* wof_applause.mp3 in Resources */,
				B7786FFD1A9E6E590031C774 /* Icon-60@2x.png in Resources */,
				B7EFEEE81A96202100D93FC0 /* wof_ding.mp3 in Resources */,
				B77870021A9E6E830031C774 /* Icon-Small-40.png in Resources */,
				B7EFEEC41A961F3D00D93FC0 /* Main.storyboard in Resources */,
				B7786FFE1A9E6E590031C774 /* Icon-60@3x.png in Resources */,
				B7EFEEE91A96202100D93FC0 /* wof_double_buzz.mp3 in Resources */,
				B778700A1A9E78DF0031C774 /* Icon-Small@3x.png in Resources */,
				B7EFEEC91A961F3D00D93FC0 /* LaunchScreen.xib in Resources */,
				B77870091A9E78DF0031C774 /* Icon-Small@2x.png in Resources */,
				B7786FFA1A9E6E490031C774 /* Icon-Small-40@3x.png in Resources */,
				B7EFEEC61A961F3D00D93FC0 /* Images.xcassets in Resources */,
				B7EFEEEA1A96202100D93FC0 /* wof_final_spin.mp3 in Resources */,
				B7EFEEE71A96202100D93FC0 /* wof_buzz.mp3 in Resources */,
				B7EFEEEB1A96202100D93FC0 /* wof_theme.mp3 in Resources */,
				B77870051A9E6E900031C774 /* Icon-76.png in Resources */,
			);
			runOnlyForDeploymentPostprocessing = 0;
		};
		B7EFEECC1A961F3D00D93FC0 /* Resources */ = {
			isa = PBXResourcesBuildPhase;
			buildActionMask = 2147483647;
			files = (
			);
			runOnlyForDeploymentPostprocessing = 0;
		};
/* End PBXResourcesBuildPhase section */

/* Begin PBXSourcesBuildPhase section */
		B7EFEEB11A961F3D00D93FC0 /* Sources */ = {
			isa = PBXSourcesBuildPhase;
			buildActionMask = 2147483647;
			files = (
				B7EFEEC11A961F3D00D93FC0 /* ViewController.m in Sources */,
				B7EFEEBE1A961F3D00D93FC0 /* AppDelegate.m in Sources */,
				B7EFEEBB1A961F3D00D93FC0 /* main.m in Sources */,
			);
			runOnlyForDeploymentPostprocessing = 0;
		};
		B7EFEECA1A961F3D00D93FC0 /* Sources */ = {
			isa = PBXSourcesBuildPhase;
			buildActionMask = 2147483647;
			files = (
				B7EFEED51A961F3D00D93FC0 /* WoFiOSTests.m in Sources */,
			);
			runOnlyForDeploymentPostprocessing = 0;
		};
/* End PBXSourcesBuildPhase section */

/* Begin PBXTargetDependency section */
		B7EFEED01A961F3D00D93FC0 /* PBXTargetDependency */ = {
			isa = PBXTargetDependency;
			target = B7EFEEB41A961F3D00D93FC0 /* WoFiOS */;
			targetProxy = B7EFEECF1A961F3D00D93FC0 /* PBXContainerItemProxy */;
		};
/* End PBXTargetDependency section */

/* Begin PBXVariantGroup section */
		B7EFEEC21A961F3D00D93FC0 /* Main.storyboard */ = {
			isa = PBXVariantGroup;
			children = (
				B7EFEEC31A961F3D00D93FC0 /* Base */,
			);
			name = Main.storyboard;
			sourceTree = "<group>";
		};
		B7EFEEC71A961F3D00D93FC0 /* LaunchScreen.xib */ = {
			isa = PBXVariantGroup;
			children = (
				B7EFEEC81A961F3D00D93FC0 /* Base */,
			);
			name = LaunchScreen.xib;
			sourceTree = "<group>";
		};
/* End PBXVariantGroup section */

/* Begin XCBuildConfiguration section */
		B7EFEED61A961F3D00D93FC0 /* Debug */ = {
			isa = XCBuildConfiguration;
			buildSettings = {
				ALWAYS_SEARCH_USER_PATHS = NO;
				CLANG_CXX_LANGUAGE_STANDARD = "gnu++0x";
				CLANG_CXX_LIBRARY = "libc++";
				CLANG_ENABLE_MODULES = YES;
				CLANG_ENABLE_OBJC_ARC = YES;
				CLANG_WARN_BOOL_CONVERSION = YES;
				CLANG_WARN_CONSTANT_CONVERSION = YES;
				CLANG_WARN_DIRECT_OBJC_ISA_USAGE = YES_ERROR;
				CLANG_WARN_EMPTY_BODY = YES;
				CLANG_WARN_ENUM_CONVERSION = YES;
				CLANG_WARN_INT_CONVERSION = YES;
				CLANG_WARN_OBJC_ROOT_CLASS = YES_ERROR;
				CLANG_WARN_UNREACHABLE_CODE = YES;
				CLANG_WARN__DUPLICATE_METHOD_MATCH = YES;
				"CODE_SIGN_IDENTITY[sdk=iphoneos*]" = "iPhone Developer";
				COPY_PHASE_STRIP = NO;
				ENABLE_STRICT_OBJC_MSGSEND = YES;
				GCC_C_LANGUAGE_STANDARD = gnu99;
				GCC_DYNAMIC_NO_PIC = NO;
				GCC_OPTIMIZATION_LEVEL = 0;
				GCC_PREPROCESSOR_DEFINITIONS = (
					"DEBUG=1",
					"$(inherited)",
				);
				GCC_SYMBOLS_PRIVATE_EXTERN = NO;
				GCC_WARN_64_TO_32_BIT_CONVERSION = YES;
				GCC_WARN_ABOUT_RETURN_TYPE = YES_ERROR;
				GCC_WARN_UNDECLARED_SELECTOR = YES;
				GCC_WARN_UNINITIALIZED_AUTOS = YES_AGGRESSIVE;
				GCC_WARN_UNUSED_FUNCTION = YES;
				GCC_WARN_UNUSED_VARIABLE = YES;
				IPHONEOS_DEPLOYMENT_TARGET = 8.1;
				MTL_ENABLE_DEBUG_INFO = YES;
				ONLY_ACTIVE_ARCH = YES;
				SDKROOT = iphoneos;
				TARGETED_DEVICE_FAMILY = "1,2";
			};
			name = Debug;
		};
		B7EFEED71A961F3D00D93FC0 /* Release */ = {
			isa = XCBuildConfiguration;
			buildSettings = {
				ALWAYS_SEARCH_USER_PATHS = NO;
				CLANG_CXX_LANGUAGE_STANDARD = "gnu++0x";
				CLANG_CXX_LIBRARY = "libc++";
				CLANG_ENABLE_MODULES = YES;
				CLANG_ENABLE_OBJC_ARC = YES;
				CLANG_WARN_BOOL_CONVERSION = YES;
				CLANG_WARN_CONSTANT_CONVERSION = YES;
				CLANG_WARN_DIRECT_OBJC_ISA_USAGE = YES_ERROR;
				CLANG_WARN_EMPTY_BODY = YES;
				CLANG_WARN_ENUM_CONVERSION = YES;
				CLANG_WARN_INT_CONVERSION = YES;
				CLANG_WARN_OBJC_ROOT_CLASS = YES_ERROR;
				CLANG_WARN_UNREACHABLE_CODE = YES;
				CLANG_WARN__DUPLICATE_METHOD_MATCH = YES;
				"CODE_SIGN_IDENTITY[sdk=iphoneos*]" = "iPhone Developer";
				COPY_PHASE_STRIP = YES;
				ENABLE_NS_ASSERTIONS = NO;
				ENABLE_STRICT_OBJC_MSGSEND = YES;
				GCC_C_LANGUAGE_STANDARD = gnu99;
				GCC_WARN_64_TO_32_BIT_CONVERSION = YES;
				GCC_WARN_ABOUT_RETURN_TYPE = YES_ERROR;
				GCC_WARN_UNDECLARED_SELECTOR = YES;
				GCC_WARN_UNINITIALIZED_AUTOS = YES_AGGRESSIVE;
				GCC_WARN_UNUSED_FUNCTION = YES;
				GCC_WARN_UNUSED_VARIABLE = YES;
				IPHONEOS_DEPLOYMENT_TARGET = 8.1;
				MTL_ENABLE_DEBUG_INFO = NO;
				SDKROOT = iphoneos;
				TARGETED_DEVICE_FAMILY = "1,2";
				VALIDATE_PRODUCT = YES;
			};
			name = Release;
		};
		B7EFEED91A961F3D00D93FC0 /* Debug */ = {
			isa = XCBuildConfiguration;
			buildSettings = {
				ASSETCATALOG_COMPILER_APPICON_NAME = AppIcon;
				CODE_SIGN_IDENTITY = "iPhone Developer";
				"CODE_SIGN_IDENTITY[sdk=iphoneos*]" = "iPhone Developer";
				INFOPLIST_FILE = WoFiOS/Info.plist;
				LD_RUNPATH_SEARCH_PATHS = "$(inherited) @executable_path/Frameworks";
				PRODUCT_NAME = "$(TARGET_NAME)";
				PROVISIONING_PROFILE = "";
			};
			name = Debug;
		};
		B7EFEEDA1A961F3D00D93FC0 /* Release */ = {
			isa = XCBuildConfiguration;
			buildSettings = {
				ASSETCATALOG_COMPILER_APPICON_NAME = AppIcon;
				CODE_SIGN_IDENTITY = "iPhone Developer";
				"CODE_SIGN_IDENTITY[sdk=iphoneos*]" = "iPhone Developer";
				INFOPLIST_FILE = WoFiOS/Info.plist;
				LD_RUNPATH_SEARCH_PATHS = "$(inherited) @executable_path/Frameworks";
				PRODUCT_NAME = "$(TARGET_NAME)";
				PROVISIONING_PROFILE = "";
			};
			name = Release;
		};
		B7EFEEDC1A961F3D00D93FC0 /* Debug */ = {
			isa = XCBuildConfiguration;
			buildSettings = {
				BUNDLE_LOADER = "$(TEST_HOST)";
				FRAMEWORK_SEARCH_PATHS = (
					"$(SDKROOT)/Developer/Library/Frameworks",
					"$(inherited)",
				);
				GCC_PREPROCESSOR_DEFINITIONS = (
					"DEBUG=1",
					"$(inherited)",
				);
				INFOPLIST_FILE = WoFiOSTests/Info.plist;
				LD_RUNPATH_SEARCH_PATHS = "$(inherited) @executable_path/Frameworks @loader_path/Frameworks";
				PRODUCT_NAME = "$(TARGET_NAME)";
				TEST_HOST = "$(BUILT_PRODUCTS_DIR)/WoFiOS.app/WoFiOS";
			};
			name = Debug;
		};
		B7EFEEDD1A961F3D00D93FC0 /* Release */ = {
			isa = XCBuildConfiguration;
			buildSettings = {
				BUNDLE_LOADER = "$(TEST_HOST)";
				FRAMEWORK_SEARCH_PATHS = (
					"$(SDKROOT)/Developer/Library/Frameworks",
					"$(inherited)",
				);
				INFOPLIST_FILE = WoFiOSTests/Info.plist;
				LD_RUNPATH_SEARCH_PATHS = "$(inherited) @executable_path/Frameworks @loader_path/Frameworks";
				PRODUCT_NAME = "$(TARGET_NAME)";
				TEST_HOST = "$(BUILT_PRODUCTS_DIR)/WoFiOS.app/WoFiOS";
			};
			name = Release;
		};
/* End XCBuildConfiguration section */

/* Begin XCConfigurationList section */
		B7EFEEB01A961F3D00D93FC0 /* Build configuration list for PBXProject "WoFiOS" */ = {
			isa = XCConfigurationList;
			buildConfigurations = (
				B7EFEED61A961F3D00D93FC0 /* Debug */,
				B7EFEED71A961F3D00D93FC0 /* Release */,
			);
			defaultConfigurationIsVisible = 0;
			defaultConfigurationName = Release;
		};
		B7EFEED81A961F3D00D93FC0 /* Build configuration list for PBXNativeTarget "WoFiOS" */ = {
			isa = XCConfigurationList;
			buildConfigurations = (
				B7EFEED91A961F3D00D93FC0 /* Debug */,
				B7EFEEDA1A961F3D00D93FC0 /* Release */,
			);
			defaultConfigurationIsVisible = 0;
			defaultConfigurationName = Release;
		};
		B7EFEEDB1A961F3D00D93FC0 /* Build configuration list for PBXNativeTarget "WoFiOSTests" */ = {
			isa = XCConfigurationList;
			buildConfigurations = (
				B7EFEEDC1A961F3D00D93FC0 /* Debug */,
				B7EFEEDD1A961F3D00D93FC0 /* Release */,
			);
			defaultConfigurationIsVisible = 0;
			defaultConfigurationName = Release;
		};
/* End XCConfigurationList section */
	};
	rootObject = B7EFEEAD1A961F3D00D93FC0 /* Project object */;
}
